
Microsoft Visual Studio Solution File, Format Version 12.00
# Visual Studio Version 17
VisualStudioVersion = 17.6.33815.320
MinimumVisualStudioVersion = 10.0.40219.1
Project("{FAE04EC0-301F-11D3-BF4B-00C04F79EFBC}") = "monogame scaled images", "monogame scaled images\monogame scaled images.csproj", "{29FE24DC-840C-4093-97AB-3CA4E9F8B5EC}"
EndProject
Global
	GlobalSection(SolutionConfigurationPlatforms) = preSolution
		Debug|Any CPU = Debug|Any CPU
		Release|Any CPU = Release|Any CPU
	EndGlobalSection
	GlobalSection(ProjectConfigurationPlatforms) = postSolution
		{29FE24DC-840C-4093-97AB-3CA4E9F8B5EC}.Debug|Any CPU.ActiveCfg = Debug|Any CPU
		{29FE24DC-840C-4093-97AB-3CA4E9F8B5EC}.Debug|Any CPU.Build.0 = Debug|Any CPU
		{29FE24DC-840C-4093-97AB-3CA4E9F8B5EC}.Release|Any CPU.ActiveCfg = Release|Any CPU
		{29FE24DC-840C-4093-97AB-3CA4E9F8B5EC}.Release|Any CPU.Build.0 = Release|Any CPU
	EndGlobalSection
	GlobalSection(SolutionProperties) = preSolution
		HideSolutionNode = FALSE
	EndGlobalSection
	GlobalSection(ExtensibilityGlobals) = postSolution
		SolutionGuid = {73F4DFE5-D525-4A0E-BBA3-C1CCAFCBD2F4}
	EndGlobalSection
EndGlobal
